
Microsoft Visual Studio Solution File, Format Version 12.00
# Visual Studio Version 17
VisualStudioVersion = 17.11.35312.102
MinimumVisualStudioVersion = 10.0.40219.1
Project("{FAE04EC0-301F-11D3-BF4B-00C04F79EFBC}") = "MainApp", "MainApp\MainApp.csproj", "{BD7E8942-08AC-4D5C-9086-11C990AAD8EC}"
EndProject
Project("{FAE04EC0-301F-11D3-BF4B-00C04F79EFBC}") = "Worker", "Worker\Worker.csproj", "{D9ACE583-932C-4E10-B41C-521ADE1341E7}"
EndProject
Global
	GlobalSection(SolutionConfigurationPlatforms) = preSolution
		Debug|Any CPU = Debug|Any CPU
		Release|Any CPU = Release|Any CPU
	EndGlobalSection
	GlobalSection(ProjectConfigurationPlatforms) = postSolution
		{BD7E8942-08AC-4D5C-9086-11C990AAD8EC}.Debug|Any CPU.ActiveCfg = Debug|Any CPU
		{BD7E8942-08AC-4D5C-9086-11C990AAD8EC}.Debug|Any CPU.Build.0 = Debug|Any CPU
		{BD7E8942-08AC-4D5C-9086-11C990AAD8EC}.Release|Any CPU.ActiveCfg = Release|Any CPU
		{BD7E8942-08AC-4D5C-9086-11C990AAD8EC}.Release|Any CPU.Build.0 = Release|Any CPU
		{D9ACE583-932C-4E10-B41C-521ADE1341E7}.Debug|Any CPU.ActiveCfg = Debug|Any CPU
		{D9ACE583-932C-4E10-B41C-521ADE1341E7}.Debug|Any CPU.Build.0 = Debug|Any CPU
		{D9ACE583-932C-4E10-B41C-521ADE1341E7}.Release|Any CPU.ActiveCfg = Release|Any CPU
		{D9ACE583-932C-4E10-B41C-521ADE1341E7}.Release|Any CPU.Build.0 = Release|Any CPU
	EndGlobalSection
	GlobalSection(SolutionProperties) = preSolution
		HideSolutionNode = FALSE
	EndGlobalSection
	GlobalSection(ExtensibilityGlobals) = postSolution
		SolutionGuid = {B4F36205-3FDF-48B1-8AF3-88244E8F55F8}
	EndGlobalSection
EndGlobal
