
Microsoft Visual Studio Solution File, Format Version 12.00
# Visual Studio Version 17
VisualStudioVersion = 17.14.36429.23 d17.14
MinimumVisualStudioVersion = 10.0.40219.1
Project("{FAE04EC0-301F-11D3-BF4B-00C04F79EFBC}") = "Lab5", "Lab5.csproj", "{774AD434-AAD0-4CE0-8C05-1033E704E4F1}"
EndProject
Global
	GlobalSection(SolutionConfigurationPlatforms) = preSolution
		Debug|Any CPU = Debug|Any CPU
		Release|Any CPU = Release|Any CPU
	EndGlobalSection
	GlobalSection(ProjectConfigurationPlatforms) = postSolution
		{774AD434-AAD0-4CE0-8C05-1033E704E4F1}.Debug|Any CPU.ActiveCfg = Debug|Any CPU
		{774AD434-AAD0-4CE0-8C05-1033E704E4F1}.Debug|Any CPU.Build.0 = Debug|Any CPU
		{774AD434-AAD0-4CE0-8C05-1033E704E4F1}.Release|Any CPU.ActiveCfg = Release|Any CPU
		{774AD434-AAD0-4CE0-8C05-1033E704E4F1}.Release|Any CPU.Build.0 = Release|Any CPU
	EndGlobalSection
	GlobalSection(SolutionProperties) = preSolution
		HideSolutionNode = FALSE
	EndGlobalSection
	GlobalSection(ExtensibilityGlobals) = postSolution
		SolutionGuid = {6E840119-2F60-490F-B9B9-11F12754B7F3}
	EndGlobalSection
EndGlobal
